Microsoft Visual Studio Solution File, Format Version 12.00
# Visual Studio Version 17
VisualStudioVersion = 17.0.31903.59
MinimumVisualStudioVersion = 10.0.40219.1
Project("{FAE04EC0-301F-11D3-BF4B-00C04F79EFBC}") = "TriLink.Plugin.Abstractions", "src\TriLink.Plugin.Abstractions\TriLink.Plugin.Abstractions.csproj", "{B4F84C8E-6221-4CC0-A26F-6B709B012001}"
EndProject
Project("{FAE04EC0-301F-11D3-BF4B-00C04F79EFBC}") = "TriLink.PluginHost", "src\TriLink.PluginHost\TriLink.PluginHost.csproj", "{B4F84C8E-6221-4CC0-A26F-6B709B012002}"
EndProject
Project("{FAE04EC0-301F-11D3-BF4B-00C04F79EFBC}") = "TriLink.Plugin.Rooms", "src\Plugins\TriLink.Plugin.Rooms\TriLink.Plugin.Rooms.csproj", "{B4F84C8E-6221-4CC0-A26F-6B709B012003}"
EndProject
Project("{FAE04EC0-301F-11D3-BF4B-00C04F79EFBC}") = "TriLink.Plugin.Serial", "src\Plugins\TriLink.Plugin.Serial\TriLink.Plugin.Serial.csproj", "{B4F84C8E-6221-4CC0-A26F-6B709B012004}"
EndProject
Project("{FAE04EC0-301F-11D3-BF4B-00C04F79EFBC}") = "TriLink.Plugin.Simulation", "src\Plugins\TriLink.Plugin.Simulation\TriLink.Plugin.Simulation.csproj", "{B4F84C8E-6221-4CC0-A26F-6B709B012005}"
EndProject
Project("{FAE04EC0-301F-11D3-BF4B-00C04F79EFBC}") = "TriLink.Plugin.Desktop", "src\Plugins\TriLink.Plugin.Desktop\TriLink.Plugin.Desktop.csproj", "{B4F84C8E-6221-4CC0-A26F-6B709B012006}"
EndProject
Project("{FAE04EC0-301F-11D3-BF4B-00C04F79EFBC}") = "TriLink.MinClient", "src\TriLink.MinClient\TriLink.MinClient.csproj", "{2A19AA52-BFF4-48EF-9741-3A41033CCCF8}"
EndProject
Project("{FAE04EC0-301F-11D3-BF4B-00C04F79EFBC}") = "TriLink.Core.Tests", "tests\TriLink.Core.Tests\TriLink.Core.Tests.csproj", "{86EE7C9C-D6B1-46D4-A42B-D786185900B4}"
EndProject
Project("{FAE04EC0-301F-11D3-BF4B-00C04F79EFBC}") = "TriLink.Desktop.Tests", "tests\TriLink.Desktop.Tests\TriLink.Desktop.Tests.csproj", "{B4F84C8E-6221-4CC0-A26F-6B709B012007}"
EndProject
Project("{2150E333-8FDC-42A3-9474-1A3956D46DE8}") = "System", "System", "{B4F84C8E-6221-4CC0-A26F-6B709B012101}"
EndProject
Project("{2150E333-8FDC-42A3-9474-1A3956D46DE8}") = "Plugins", "Plugins", "{B4F84C8E-6221-4CC0-A26F-6B709B012102}"
EndProject
Project("{2150E333-8FDC-42A3-9474-1A3956D46DE8}") = "Tests", "Tests", "{B4F84C8E-6221-4CC0-A26F-6B709B012103}"
EndProject
Project("{FAE04EC0-301F-11D3-BF4B-00C04F79EFBC}") = "TriLink.Plugin.Modules", "src\Plugins\TriLink.Plugin.Modules\TriLink.Plugin.Modules.csproj", "{B4F84C8E-6221-4CC0-A26F-6B709B012008}"
EndProject
Project("{FAE04EC0-301F-11D3-BF4B-00C04F79EFBC}") = "TriLink.Plugin.TextTools", "src\Plugins\TriLink.Plugin.TextTools\TriLink.Plugin.TextTools.csproj", "{B4F84C8E-6221-4CC0-A26F-6B709B012009}"
EndProject
Project("{FAE04EC0-301F-11D3-BF4B-00C04F79EFBC}") = "TriLink.Modules.Tests", "tests\TriLink.Modules.Tests\TriLink.Modules.Tests.csproj", "{B4F84C8E-6221-4CC0-A26F-6B709B012010}"
EndProject
Project("{FAE04EC0-301F-11D3-BF4B-00C04F79EFBC}") = "TriLink.ModuleProbe", "tests\TriLink.ModuleProbe\TriLink.ModuleProbe.csproj", "{B4F84C8E-6221-4CC0-A26F-6B709B012011}"
EndProject
Project("{FAE04EC0-301F-11D3-BF4B-00C04F79EFBC}") = "TriLink.Plugin.HardwareRoom", "src\Plugins\TriLink.Plugin.HardwareRoom\TriLink.Plugin.HardwareRoom.csproj", "{B4F84C8E-6221-4CC0-A26F-6B709B012012}"
EndProject
Project("{FAE04EC0-301F-11D3-BF4B-00C04F79EFBC}") = "TriLink.HardwareRoom.Tests", "tests\TriLink.HardwareRoom.Tests\TriLink.HardwareRoom.Tests.csproj", "{B4F84C8E-6221-4CC0-A26F-6B709B012013}"
EndProject
Project("{FAE04EC0-301F-11D3-BF4B-00C04F79EFBC}") = "TriLink.Plugin.GameLink", "src\Plugins\TriLink.Plugin.GameLink\TriLink.Plugin.GameLink.csproj", "{B4F84C8E-6221-4CC0-A26F-6B709B012014}"
EndProject
Project("{FAE04EC0-301F-11D3-BF4B-00C04F79EFBC}") = "TriLink.Plugin.Thunder", "src\Plugins\TriLink.Plugin.Thunder\TriLink.Plugin.Thunder.csproj", "{B4F84C8E-6221-4CC0-A26F-6B709B012015}"
EndProject
Project("{FAE04EC0-301F-11D3-BF4B-00C04F79EFBC}") = "TriLink.Thunder.Tests", "tests\TriLink.Thunder.Tests\TriLink.Thunder.Tests.csproj", "{B4F84C8E-6221-4CC0-A26F-6B709B012016}"
EndProject
Global
	GlobalSection(SolutionConfigurationPlatforms) = preSolution
		Debug|Any CPU = Debug|Any CPU
		Release|Any CPU = Release|Any CPU
	EndGlobalSection
	GlobalSection(ProjectConfigurationPlatforms) = postSolution
		{B4F84C8E-6221-4CC0-A26F-6B709B012014}.Debug|Any CPU.ActiveCfg = Debug|Any CPU
		{B4F84C8E-6221-4CC0-A26F-6B709B012014}.Debug|Any CPU.Build.0 = Debug|Any CPU
		{B4F84C8E-6221-4CC0-A26F-6B709B012014}.Release|Any CPU.ActiveCfg = Release|Any CPU
		{B4F84C8E-6221-4CC0-A26F-6B709B012014}.Release|Any CPU.Build.0 = Release|Any CPU
		{B4F84C8E-6221-4CC0-A26F-6B709B012015}.Debug|Any CPU.ActiveCfg = Debug|Any CPU
		{B4F84C8E-6221-4CC0-A26F-6B709B012015}.Debug|Any CPU.Build.0 = Debug|Any CPU
		{B4F84C8E-6221-4CC0-A26F-6B709B012015}.Release|Any CPU.ActiveCfg = Release|Any CPU
		{B4F84C8E-6221-4CC0-A26F-6B709B012015}.Release|Any CPU.Build.0 = Release|Any CPU
		{B4F84C8E-6221-4CC0-A26F-6B709B012016}.Debug|Any CPU.ActiveCfg = Debug|Any CPU
		{B4F84C8E-6221-4CC0-A26F-6B709B012016}.Debug|Any CPU.Build.0 = Debug|Any CPU
		{B4F84C8E-6221-4CC0-A26F-6B709B012016}.Release|Any CPU.ActiveCfg = Release|Any CPU
		{B4F84C8E-6221-4CC0-A26F-6B709B012016}.Release|Any CPU.Build.0 = Release|Any CPU
		{B4F84C8E-6221-4CC0-A26F-6B709B012013}.Debug|Any CPU.ActiveCfg = Debug|Any CPU
		{B4F84C8E-6221-4CC0-A26F-6B709B012013}.Debug|Any CPU.Build.0 = Debug|Any CPU
		{B4F84C8E-6221-4CC0-A26F-6B709B012013}.Release|Any CPU.ActiveCfg = Release|Any CPU
		{B4F84C8E-6221-4CC0-A26F-6B709B012013}.Release|Any CPU.Build.0 = Release|Any CPU
		{B4F84C8E-6221-4CC0-A26F-6B709B012012}.Debug|Any CPU.ActiveCfg = Debug|Any CPU
		{B4F84C8E-6221-4CC0-A26F-6B709B012012}.Debug|Any CPU.Build.0 = Debug|Any CPU
		{B4F84C8E-6221-4CC0-A26F-6B709B012012}.Release|Any CPU.ActiveCfg = Release|Any CPU
		{B4F84C8E-6221-4CC0-A26F-6B709B012012}.Release|Any CPU.Build.0 = Release|Any CPU
		{B4F84C8E-6221-4CC0-A26F-6B709B012008}.Debug|Any CPU.ActiveCfg = Debug|Any CPU
		{B4F84C8E-6221-4CC0-A26F-6B709B012008}.Debug|Any CPU.Build.0 = Debug|Any CPU
		{B4F84C8E-6221-4CC0-A26F-6B709B012008}.Release|Any CPU.ActiveCfg = Release|Any CPU
		{B4F84C8E-6221-4CC0-A26F-6B709B012008}.Release|Any CPU.Build.0 = Release|Any CPU
		{B4F84C8E-6221-4CC0-A26F-6B709B012009}.Debug|Any CPU.ActiveCfg = Debug|Any CPU
		{B4F84C8E-6221-4CC0-A26F-6B709B012009}.Debug|Any CPU.Build.0 = Debug|Any CPU
		{B4F84C8E-6221-4CC0-A26F-6B709B012009}.Release|Any CPU.ActiveCfg = Release|Any CPU
		{B4F84C8E-6221-4CC0-A26F-6B709B012009}.Release|Any CPU.Build.0 = Release|Any CPU
		{B4F84C8E-6221-4CC0-A26F-6B709B012010}.Debug|Any CPU.ActiveCfg = Debug|Any CPU
		{B4F84C8E-6221-4CC0-A26F-6B709B012010}.Debug|Any CPU.Build.0 = Debug|Any CPU
		{B4F84C8E-6221-4CC0-A26F-6B709B012010}.Release|Any CPU.ActiveCfg = Release|Any CPU
		{B4F84C8E-6221-4CC0-A26F-6B709B012010}.Release|Any CPU.Build.0 = Release|Any CPU
		{B4F84C8E-6221-4CC0-A26F-6B709B012011}.Debug|Any CPU.ActiveCfg = Debug|Any CPU
		{B4F84C8E-6221-4CC0-A26F-6B709B012011}.Debug|Any CPU.Build.0 = Debug|Any CPU
		{B4F84C8E-6221-4CC0-A26F-6B709B012011}.Release|Any CPU.ActiveCfg = Release|Any CPU
		{B4F84C8E-6221-4CC0-A26F-6B709B012011}.Release|Any CPU.Build.0 = Release|Any CPU
		{B4F84C8E-6221-4CC0-A26F-6B709B012001}.Debug|Any CPU.ActiveCfg = Debug|Any CPU
		{B4F84C8E-6221-4CC0-A26F-6B709B012001}.Debug|Any CPU.Build.0 = Debug|Any CPU
		{B4F84C8E-6221-4CC0-A26F-6B709B012001}.Release|Any CPU.ActiveCfg = Release|Any CPU
		{B4F84C8E-6221-4CC0-A26F-6B709B012001}.Release|Any CPU.Build.0 = Release|Any CPU
		{B4F84C8E-6221-4CC0-A26F-6B709B012002}.Debug|Any CPU.ActiveCfg = Debug|Any CPU
		{B4F84C8E-6221-4CC0-A26F-6B709B012002}.Debug|Any CPU.Build.0 = Debug|Any CPU
		{B4F84C8E-6221-4CC0-A26F-6B709B012002}.Release|Any CPU.ActiveCfg = Release|Any CPU
		{B4F84C8E-6221-4CC0-A26F-6B709B012002}.Release|Any CPU.Build.0 = Release|Any CPU
		{B4F84C8E-6221-4CC0-A26F-6B709B012003}.Debug|Any CPU.ActiveCfg = Debug|Any CPU
		{B4F84C8E-6221-4CC0-A26F-6B709B012003}.Debug|Any CPU.Build.0 = Debug|Any CPU
		{B4F84C8E-6221-4CC0-A26F-6B709B012003}.Release|Any CPU.ActiveCfg = Release|Any CPU
		{B4F84C8E-6221-4CC0-A26F-6B709B012003}.Release|Any CPU.Build.0 = Release|Any CPU
		{B4F84C8E-6221-4CC0-A26F-6B709B012004}.Debug|Any CPU.ActiveCfg = Debug|Any CPU
		{B4F84C8E-6221-4CC0-A26F-6B709B012004}.Debug|Any CPU.Build.0 = Debug|Any CPU
		{B4F84C8E-6221-4CC0-A26F-6B709B012004}.Release|Any CPU.ActiveCfg = Release|Any CPU
		{B4F84C8E-6221-4CC0-A26F-6B709B012004}.Release|Any CPU.Build.0 = Release|Any CPU
		{B4F84C8E-6221-4CC0-A26F-6B709B012005}.Debug|Any CPU.ActiveCfg = Debug|Any CPU
		{B4F84C8E-6221-4CC0-A26F-6B709B012005}.Debug|Any CPU.Build.0 = Debug|Any CPU
		{B4F84C8E-6221-4CC0-A26F-6B709B012005}.Release|Any CPU.ActiveCfg = Release|Any CPU
		{B4F84C8E-6221-4CC0-A26F-6B709B012005}.Release|Any CPU.Build.0 = Release|Any CPU
		{B4F84C8E-6221-4CC0-A26F-6B709B012006}.Debug|Any CPU.ActiveCfg = Debug|Any CPU
		{B4F84C8E-6221-4CC0-A26F-6B709B012006}.Debug|Any CPU.Build.0 = Debug|Any CPU
		{B4F84C8E-6221-4CC0-A26F-6B709B012006}.Release|Any CPU.ActiveCfg = Release|Any CPU
		{B4F84C8E-6221-4CC0-A26F-6B709B012006}.Release|Any CPU.Build.0 = Release|Any CPU
		{2A19AA52-BFF4-48EF-9741-3A41033CCCF8}.Debug|Any CPU.ActiveCfg = Debug|Any CPU
		{2A19AA52-BFF4-48EF-9741-3A41033CCCF8}.Debug|Any CPU.Build.0 = Debug|Any CPU
		{2A19AA52-BFF4-48EF-9741-3A41033CCCF8}.Release|Any CPU.ActiveCfg = Release|Any CPU
		{2A19AA52-BFF4-48EF-9741-3A41033CCCF8}.Release|Any CPU.Build.0 = Release|Any CPU
		{86EE7C9C-D6B1-46D4-A42B-D786185900B4}.Debug|Any CPU.ActiveCfg = Debug|Any CPU
		{86EE7C9C-D6B1-46D4-A42B-D786185900B4}.Debug|Any CPU.Build.0 = Debug|Any CPU
		{86EE7C9C-D6B1-46D4-A42B-D786185900B4}.Release|Any CPU.ActiveCfg = Release|Any CPU
		{86EE7C9C-D6B1-46D4-A42B-D786185900B4}.Release|Any CPU.Build.0 = Release|Any CPU
		{B4F84C8E-6221-4CC0-A26F-6B709B012007}.Debug|Any CPU.ActiveCfg = Debug|Any CPU
		{B4F84C8E-6221-4CC0-A26F-6B709B012007}.Debug|Any CPU.Build.0 = Debug|Any CPU
		{B4F84C8E-6221-4CC0-A26F-6B709B012007}.Release|Any CPU.ActiveCfg = Release|Any CPU
		{B4F84C8E-6221-4CC0-A26F-6B709B012007}.Release|Any CPU.Build.0 = Release|Any CPU
	EndGlobalSection
	GlobalSection(NestedProjects) = preSolution
		{B4F84C8E-6221-4CC0-A26F-6B709B012014} = {B4F84C8E-6221-4CC0-A26F-6B709B012102}
		{B4F84C8E-6221-4CC0-A26F-6B709B012015} = {B4F84C8E-6221-4CC0-A26F-6B709B012102}
		{B4F84C8E-6221-4CC0-A26F-6B709B012016} = {B4F84C8E-6221-4CC0-A26F-6B709B012103}
		{B4F84C8E-6221-4CC0-A26F-6B709B012013} = {B4F84C8E-6221-4CC0-A26F-6B709B012103}
		{B4F84C8E-6221-4CC0-A26F-6B709B012012} = {B4F84C8E-6221-4CC0-A26F-6B709B012102}
		{B4F84C8E-6221-4CC0-A26F-6B709B012008} = {B4F84C8E-6221-4CC0-A26F-6B709B012102}
		{B4F84C8E-6221-4CC0-A26F-6B709B012009} = {B4F84C8E-6221-4CC0-A26F-6B709B012102}
		{B4F84C8E-6221-4CC0-A26F-6B709B012010} = {B4F84C8E-6221-4CC0-A26F-6B709B012103}
		{B4F84C8E-6221-4CC0-A26F-6B709B012011} = {B4F84C8E-6221-4CC0-A26F-6B709B012103}
		{B4F84C8E-6221-4CC0-A26F-6B709B012001} = {B4F84C8E-6221-4CC0-A26F-6B709B012101}
		{B4F84C8E-6221-4CC0-A26F-6B709B012002} = {B4F84C8E-6221-4CC0-A26F-6B709B012101}
		{2A19AA52-BFF4-48EF-9741-3A41033CCCF8} = {B4F84C8E-6221-4CC0-A26F-6B709B012101}
		{B4F84C8E-6221-4CC0-A26F-6B709B012003} = {B4F84C8E-6221-4CC0-A26F-6B709B012102}
		{B4F84C8E-6221-4CC0-A26F-6B709B012004} = {B4F84C8E-6221-4CC0-A26F-6B709B012102}
		{B4F84C8E-6221-4CC0-A26F-6B709B012005} = {B4F84C8E-6221-4CC0-A26F-6B709B012102}
		{B4F84C8E-6221-4CC0-A26F-6B709B012006} = {B4F84C8E-6221-4CC0-A26F-6B709B012102}
		{86EE7C9C-D6B1-46D4-A42B-D786185900B4} = {B4F84C8E-6221-4CC0-A26F-6B709B012103}
		{B4F84C8E-6221-4CC0-A26F-6B709B012007} = {B4F84C8E-6221-4CC0-A26F-6B709B012103}
	EndGlobalSection
EndGlobal
